
Microsoft Visual Studio Solution File, Format Version 12.00
# Visual Studio Version 17
VisualStudioVersion = 17.13.35913.81
MinimumVisualStudioVersion = 10.0.40219.1
Project("{FAE04EC0-301F-11D3-BF4B-00C04F79EFBC}") = "League.Api", "League.Api\League.Api.csproj", "{2496CCFE-52F9-4F0C-8AEF-83056ECEC563}"
EndProject
Project("{2150E333-8FDC-42A3-9474-1A3956D46DE8}") = "Model", "Model", "{02EA681E-C7D8-13C7-8484-4AC65E1B71E8}"
EndProject
Project("{2150E333-8FDC-42A3-9474-1A3956D46DE8}") = "Service", "Service", "{9348FB2F-6BA0-4EB0-B858-2FC7BC9E6B16}"
EndProject
Project("{2150E333-8FDC-42A3-9474-1A3956D46DE8}") = "Common", "Common", "{FF3A4058-04FE-41C1-894F-DC5EED374C42}"
EndProject
Project("{2150E333-8FDC-42A3-9474-1A3956D46DE8}") = "Api", "Api", "{0FBF6B10-ADC8-460E-9106-F36A556F57C8}"
EndProject
Project("{FAE04EC0-301F-11D3-BF4B-00C04F79EFBC}") = "League.Common", "Common\League.Common\League.Common.csproj", "{2A558037-55DA-6DD4-9C16-30E1DFCECA78}"
EndProject
Project("{FAE04EC0-301F-11D3-BF4B-00C04F79EFBC}") = "League.Model", "Model\League.Model\League.Model.csproj", "{7E7373D3-B7EA-11F4-F85F-A53E0367DC31}"
EndProject
Project("{FAE04EC0-301F-11D3-BF4B-00C04F79EFBC}") = "League.Service", "Service\League.Service\League.Service.csproj", "{3D3A6EB2-206C-4CCA-1A1E-80E6727AB298}"
EndProject
Project("{FAE04EC0-301F-11D3-BF4B-00C04F79EFBC}") = "League.Service.Interface", "Service\League.Service.Interface\League.Service.Interface.csproj", "{316C2C3E-C392-4B93-2E6A-838CEE9E53EF}"
EndProject
Project("{2150E333-8FDC-42A3-9474-1A3956D46DE8}") = "Domain", "Domain", "{C10CE75F-F7EB-4670-8813-DD3CCD32CCFE}"
EndProject
Project("{2150E333-8FDC-42A3-9474-1A3956D46DE8}") = "Integration", "Integration", "{A619BBB1-6244-4F12-8600-437E2F5E5F82}"
EndProject
Project("{FAE04EC0-301F-11D3-BF4B-00C04F79EFBC}") = "League.Domain", "Domain\League.Domain\League.Domain.csproj", "{48B145F1-484B-4AE9-920C-A8174F44CD81}"
EndProject
Global
	GlobalSection(SolutionConfigurationPlatforms) = preSolution
		Debug|Any CPU = Debug|Any CPU
		Release|Any CPU = Release|Any CPU
	EndGlobalSection
	GlobalSection(ProjectConfigurationPlatforms) = postSolution
		{2496CCFE-52F9-4F0C-8AEF-83056ECEC563}.Debug|Any CPU.ActiveCfg = Debug|Any CPU
		{2496CCFE-52F9-4F0C-8AEF-83056ECEC563}.Debug|Any CPU.Build.0 = Debug|Any CPU
		{2496CCFE-52F9-4F0C-8AEF-83056ECEC563}.Release|Any CPU.ActiveCfg = Release|Any CPU
		{2496CCFE-52F9-4F0C-8AEF-83056ECEC563}.Release|Any CPU.Build.0 = Release|Any CPU
		{2A558037-55DA-6DD4-9C16-30E1DFCECA78}.Debug|Any CPU.ActiveCfg = Debug|Any CPU
		{2A558037-55DA-6DD4-9C16-30E1DFCECA78}.Debug|Any CPU.Build.0 = Debug|Any CPU
		{2A558037-55DA-6DD4-9C16-30E1DFCECA78}.Release|Any CPU.ActiveCfg = Release|Any CPU
		{2A558037-55DA-6DD4-9C16-30E1DFCECA78}.Release|Any CPU.Build.0 = Release|Any CPU
		{7E7373D3-B7EA-11F4-F85F-A53E0367DC31}.Debug|Any CPU.ActiveCfg = Debug|Any CPU
		{7E7373D3-B7EA-11F4-F85F-A53E0367DC31}.Debug|Any CPU.Build.0 = Debug|Any CPU
		{7E7373D3-B7EA-11F4-F85F-A53E0367DC31}.Release|Any CPU.ActiveCfg = Release|Any CPU
		{7E7373D3-B7EA-11F4-F85F-A53E0367DC31}.Release|Any CPU.Build.0 = Release|Any CPU
		{3D3A6EB2-206C-4CCA-1A1E-80E6727AB298}.Debug|Any CPU.ActiveCfg = Debug|Any CPU
		{3D3A6EB2-206C-4CCA-1A1E-80E6727AB298}.Debug|Any CPU.Build.0 = Debug|Any CPU
		{3D3A6EB2-206C-4CCA-1A1E-80E6727AB298}.Release|Any CPU.ActiveCfg = Release|Any CPU
		{3D3A6EB2-206C-4CCA-1A1E-80E6727AB298}.Release|Any CPU.Build.0 = Release|Any CPU
		{316C2C3E-C392-4B93-2E6A-838CEE9E53EF}.Debug|Any CPU.ActiveCfg = Debug|Any CPU
		{316C2C3E-C392-4B93-2E6A-838CEE9E53EF}.Debug|Any CPU.Build.0 = Debug|Any CPU
		{316C2C3E-C392-4B93-2E6A-838CEE9E53EF}.Release|Any CPU.ActiveCfg = Release|Any CPU
		{316C2C3E-C392-4B93-2E6A-838CEE9E53EF}.Release|Any CPU.Build.0 = Release|Any CPU
		{48B145F1-484B-4AE9-920C-A8174F44CD81}.Debug|Any CPU.ActiveCfg = Debug|Any CPU
		{48B145F1-484B-4AE9-920C-A8174F44CD81}.Debug|Any CPU.Build.0 = Debug|Any CPU
		{48B145F1-484B-4AE9-920C-A8174F44CD81}.Release|Any CPU.ActiveCfg = Release|Any CPU
		{48B145F1-484B-4AE9-920C-A8174F44CD81}.Release|Any CPU.Build.0 = Release|Any CPU
	EndGlobalSection
	GlobalSection(SolutionProperties) = preSolution
		HideSolutionNode = FALSE
	EndGlobalSection
	GlobalSection(NestedProjects) = preSolution
		{2496CCFE-52F9-4F0C-8AEF-83056ECEC563} = {0FBF6B10-ADC8-460E-9106-F36A556F57C8}
		{2A558037-55DA-6DD4-9C16-30E1DFCECA78} = {FF3A4058-04FE-41C1-894F-DC5EED374C42}
		{7E7373D3-B7EA-11F4-F85F-A53E0367DC31} = {02EA681E-C7D8-13C7-8484-4AC65E1B71E8}
		{3D3A6EB2-206C-4CCA-1A1E-80E6727AB298} = {9348FB2F-6BA0-4EB0-B858-2FC7BC9E6B16}
		{316C2C3E-C392-4B93-2E6A-838CEE9E53EF} = {9348FB2F-6BA0-4EB0-B858-2FC7BC9E6B16}
		{48B145F1-484B-4AE9-920C-A8174F44CD81} = {C10CE75F-F7EB-4670-8813-DD3CCD32CCFE}
	EndGlobalSection
	GlobalSection(ExtensibilityGlobals) = postSolution
		SolutionGuid = {4319C111-D2CD-40FB-A309-730D484C01B3}
	EndGlobalSection
EndGlobal
